
Microsoft Visual Studio Solution File, Format Version 12.00
# Visual Studio 15
VisualStudioVersion = 15.0.27428.2037
MinimumVisualStudioVersion = 10.0.40219.1
Project("{9A19103F-16F7-4668-BE54-9A1E7A4F7556}") = "GAFBot", "GAFBot\GAFBot.csproj", "{21FBE652-D1DE-411B-8BE7-C323C2FDE30C}"
EndProject
Project("{2150E333-8FDC-42A3-9474-1A3956D46DE8}") = "Solution Items", "Solution Items", "{4DDCB62D-4F85-43CF-A1C6-FA5A441888E4}"
	ProjectSection(SolutionItems) = preProject
		LICENSE.txt = LICENSE.txt
	EndProjectSection
EndProject
Project("{9A19103F-16F7-4668-BE54-9A1E7A4F7556}") = "GAFBotCommands", "GAFBotCommands\GAFBotCommands.csproj", "{5F1924BF-12E5-4D2E-9608-B3AB3A72455B}"
EndProject
Project("{2150E333-8FDC-42A3-9474-1A3956D46DE8}") = "Modules", "Modules", "{0F53C9B8-10F4-4CF5-ABE2-7485B3DC5B0A}"
EndProject
Project("{FAE04EC0-301F-11D3-BF4B-00C04F79EFBC}") = "VerificationModule", "VerificationModule\VerificationModule.csproj", "{A0EBF040-B693-4923-B0D3-78E90560B09E}"
EndProject
Project("{FAE04EC0-301F-11D3-BF4B-00C04F79EFBC}") = "MessageModule", "MessageModule\MessageModule.csproj", "{8EA78E84-EF24-4114-8228-416028597898}"
EndProject
Project("{FAE04EC0-301F-11D3-BF4B-00C04F79EFBC}") = "ChallongeModule", "ChallongeModule\ChallongeModule.csproj", "{0C768E1D-25F1-404B-BF9F-7CD72CA7E5F9}"
EndProject
Project("{FAE04EC0-301F-11D3-BF4B-00C04F79EFBC}") = "BettingModule", "BettingModule\BettingModule.csproj", "{B120D7D9-452D-401C-9D54-DD7D130440DD}"
EndProject
Global
	GlobalSection(SolutionConfigurationPlatforms) = preSolution
		Debug|Any CPU = Debug|Any CPU
		Release|Any CPU = Release|Any CPU
	EndGlobalSection
	GlobalSection(ProjectConfigurationPlatforms) = postSolution
		{21FBE652-D1DE-411B-8BE7-C323C2FDE30C}.Debug|Any CPU.ActiveCfg = Debug|Any CPU
		{21FBE652-D1DE-411B-8BE7-C323C2FDE30C}.Debug|Any CPU.Build.0 = Debug|Any CPU
		{21FBE652-D1DE-411B-8BE7-C323C2FDE30C}.Release|Any CPU.ActiveCfg = Release|Any CPU
		{21FBE652-D1DE-411B-8BE7-C323C2FDE30C}.Release|Any CPU.Build.0 = Release|Any CPU
		{5F1924BF-12E5-4D2E-9608-B3AB3A72455B}.Debug|Any CPU.ActiveCfg = Debug|Any CPU
		{5F1924BF-12E5-4D2E-9608-B3AB3A72455B}.Debug|Any CPU.Build.0 = Debug|Any CPU
		{5F1924BF-12E5-4D2E-9608-B3AB3A72455B}.Release|Any CPU.ActiveCfg = Release|Any CPU
		{5F1924BF-12E5-4D2E-9608-B3AB3A72455B}.Release|Any CPU.Build.0 = Release|Any CPU
		{A0EBF040-B693-4923-B0D3-78E90560B09E}.Debug|Any CPU.ActiveCfg = Debug|Any CPU
		{A0EBF040-B693-4923-B0D3-78E90560B09E}.Debug|Any CPU.Build.0 = Debug|Any CPU
		{A0EBF040-B693-4923-B0D3-78E90560B09E}.Release|Any CPU.ActiveCfg = Release|Any CPU
		{A0EBF040-B693-4923-B0D3-78E90560B09E}.Release|Any CPU.Build.0 = Release|Any CPU
		{8EA78E84-EF24-4114-8228-416028597898}.Debug|Any CPU.ActiveCfg = Debug|Any CPU
		{8EA78E84-EF24-4114-8228-416028597898}.Debug|Any CPU.Build.0 = Debug|Any CPU
		{8EA78E84-EF24-4114-8228-416028597898}.Release|Any CPU.ActiveCfg = Release|Any CPU
		{8EA78E84-EF24-4114-8228-416028597898}.Release|Any CPU.Build.0 = Release|Any CPU
		{0C768E1D-25F1-404B-BF9F-7CD72CA7E5F9}.Debug|Any CPU.ActiveCfg = Debug|Any CPU
		{0C768E1D-25F1-404B-BF9F-7CD72CA7E5F9}.Debug|Any CPU.Build.0 = Debug|Any CPU
		{0C768E1D-25F1-404B-BF9F-7CD72CA7E5F9}.Release|Any CPU.ActiveCfg = Release|Any CPU
		{0C768E1D-25F1-404B-BF9F-7CD72CA7E5F9}.Release|Any CPU.Build.0 = Release|Any CPU
		{B120D7D9-452D-401C-9D54-DD7D130440DD}.Debug|Any CPU.ActiveCfg = Debug|Any CPU
		{B120D7D9-452D-401C-9D54-DD7D130440DD}.Debug|Any CPU.Build.0 = Debug|Any CPU
		{B120D7D9-452D-401C-9D54-DD7D130440DD}.Release|Any CPU.ActiveCfg = Release|Any CPU
		{B120D7D9-452D-401C-9D54-DD7D130440DD}.Release|Any CPU.Build.0 = Release|Any CPU
	EndGlobalSection
	GlobalSection(SolutionProperties) = preSolution
		HideSolutionNode = FALSE
	EndGlobalSection
	GlobalSection(NestedProjects) = preSolution
		{A0EBF040-B693-4923-B0D3-78E90560B09E} = {0F53C9B8-10F4-4CF5-ABE2-7485B3DC5B0A}
		{8EA78E84-EF24-4114-8228-416028597898} = {0F53C9B8-10F4-4CF5-ABE2-7485B3DC5B0A}
		{0C768E1D-25F1-404B-BF9F-7CD72CA7E5F9} = {0F53C9B8-10F4-4CF5-ABE2-7485B3DC5B0A}
		{B120D7D9-452D-401C-9D54-DD7D130440DD} = {0F53C9B8-10F4-4CF5-ABE2-7485B3DC5B0A}
	EndGlobalSection
	GlobalSection(ExtensibilityGlobals) = postSolution
		SolutionGuid = {CD206583-FA57-4F6B-A2FA-53B2AE8F3DD2}
	EndGlobalSection
EndGlobal
